
Microsoft Visual Studio Solution File, Format Version 12.00
# Visual Studio Version 17
VisualStudioVersion = 17.5.002.0
MinimumVisualStudioVersion = 10.0.40219.1
Project("{9A19103F-16F7-4668-BE54-9A1E7A4F7556}") = "dotnetwebapi", "dotnetwebapi.csproj", "{B825D1C0-6928-4099-BE5D-03954031F347}"
EndProject
Global
	GlobalSection(SolutionConfigurationPlatforms) = preSolution
		Debug|Any CPU = Debug|Any CPU
		Release|Any CPU = Release|Any CPU
	EndGlobalSection
	GlobalSection(ProjectConfigurationPlatforms) = postSolution
		{B825D1C0-6928-4099-BE5D-03954031F347}.Debug|Any CPU.ActiveCfg = Debug|Any CPU
		{B825D1C0-6928-4099-BE5D-03954031F347}.Debug|Any CPU.Build.0 = Debug|Any CPU
		{B825D1C0-6928-4099-BE5D-03954031F347}.Release|Any CPU.ActiveCfg = Release|Any CPU
		{B825D1C0-6928-4099-BE5D-03954031F347}.Release|Any CPU.Build.0 = Release|Any CPU
	EndGlobalSection
	GlobalSection(SolutionProperties) = preSolution
		HideSolutionNode = FALSE
	EndGlobalSection
	GlobalSection(ExtensibilityGlobals) = postSolution
		SolutionGuid = {74617FCC-4EA8-4890-833F-022079757623}
	EndGlobalSection
EndGlobal
